<?xml version="1.0" encoding="utf-8"?>
<Project ToolsVersion="4.0" xmlns="http://schemas.microsoft.com/developer/msbuild/2003">
  <ItemGroup>
    <ClCompile Include="EyeCliper.cpp" />
    <ClCompile Include="GameStaticObj.cpp" />
    <ClCompile Include="Main.cpp" />
    <ClCompile Include="Particles.cpp" />
    <ClCompile Include="Sea.cpp" />
    <ClCompile Include="XArea.cpp" />
    <ClCompile Include="XCursor.cpp" />
    <ClCompile Include="XEffect.cpp" />
    <ClCompile Include="XEvent.cpp" />
    <ClCompile Include="XMeshObj.cpp" />
    <ClCompile Include="XMultiThread.cpp" />
    <ClCompile Include="XTerrain.cpp" />
    <ClCompile Include="XTerrainNode.cpp" />
    <ClCompile Include="XText.cpp" />
    <ClCompile Include="GRenderObject.cpp" />
    <ClCompile Include="GWorldCorrd.cpp" />
    <ClCompile Include="GSceneMgr.cpp" />
    <ClCompile Include="GAnimMeshObj.cpp" />
    <ClCompile Include="GTrailEffect.cpp" />
    <ClCompile Include="GGameDemoHeader.cpp" />
    <ClCompile Include="GAmmo.cpp" />
    <ClCompile Include="GD8Input.cpp" />
    <ClCompile Include="GMeshBuffer.cpp" />
    <ClCompile Include="GBound.cpp" />
    <ClCompile Include="GTextureBuffer.cpp" />
    <ClCompile Include="GTimer.cpp" />
    <ClCompile Include="GNode.cpp" />
    <ClCompile Include="GFrameWork.cpp" />
    <ClCompile Include="GMeshData.cpp" />
    <ClCompile Include="GCamera.cpp" />
    <ClCompile Include="GD9Device.cpp" />
    <ClCompile Include="GGame.cpp" />
    <ClCompile Include="GMeshBaseObj.cpp" />
    <ClCompile Include="GGameMap.cpp" />
    <ClCompile Include="GComponentInterface.cpp" />
    <ClCompile Include="GComponentTrans.cpp" />
    <ClCompile Include="GComponentMesh.cpp" />
    <ClCompile Include="GComponentFactory.cpp" />
    <ClCompile Include="GComponentBox.cpp" />
  </ItemGroup>
  <ItemGroup>
    <ClInclude Include="EyeCliper.h" />
    <ClInclude Include="GameStaticObj.h" />
    <ClInclude Include="Particles.h" />
    <ClInclude Include="resource.h" />
    <ClInclude Include="Sea.h" />
    <ClInclude Include="XArea.h" />
    <ClInclude Include="XCursor.h" />
    <ClInclude Include="XEffect.h" />
    <ClInclude Include="XEvent.h" />
    <ClInclude Include="XMeshObj.h" />
    <ClInclude Include="XMultiThread.h" />
    <ClInclude Include="XTerrain.h" />
    <ClInclude Include="XTerrainNode.h" />
    <ClInclude Include="XText.h" />
    <ClInclude Include="FiGameDemo.h" />
    <ClInclude Include="GRenderObject.h" />
    <ClInclude Include="GWorldCorrd.h" />
    <ClInclude Include="GSceneMgr.h" />
    <ClInclude Include="GAnimMeshObj.h" />
    <ClInclude Include="GTrailEffect.h" />
    <ClInclude Include="GGameDemoHeader.h" />
    <ClInclude Include="GAmmo.h" />
    <ClInclude Include="GD8Input.h" />
    <ClInclude Include="GMeshBuffer.h" />
    <ClInclude Include="GBound.h" />
    <ClInclude Include="GTextureBuffer.h" />
    <ClInclude Include="GTimer.h" />
    <ClInclude Include="GNode.h" />
    <ClInclude Include="GFrameWork.h" />
    <ClInclude Include="GMeshData.h" />
    <ClInclude Include="GCamera.h" />
    <ClInclude Include="GD9Device.h" />
    <ClInclude Include="GGame.h" />
    <ClInclude Include="GMeshBaseObj.h" />
    <ClInclude Include="GGameMap.h" />
    <ClInclude Include="GComponentInterface.h" />
    <ClInclude Include="GComponentTrans.h" />
    <ClInclude Include="GFactory.h" />
    <ClInclude Include="GComponentMesh.h" />
    <ClInclude Include="GComponentFactory.h" />
    <ClInclude Include="GComponentBox.h" />
  </ItemGroup>
</Project>