<?xml version="1.0" encoding="utf-8"?>
<Project ToolsVersion="4.0" xmlns="http://schemas.microsoft.com/developer/msbuild/2003">
  <ItemGroup>
    <ClCompile Include="Ammo.cpp">
      <Filter>Engine</Filter>
    </ClCompile>
    <ClCompile Include="AnimMesh.cpp">
      <Filter>Engine</Filter>
    </ClCompile>
    <ClCompile Include="Bound.cpp">
      <Filter>Engine</Filter>
    </ClCompile>
    <ClCompile Include="Corrd.cpp">
      <Filter>Engine</Filter>
    </ClCompile>
    <ClCompile Include="D8Input.cpp">
      <Filter>Engine</Filter>
    </ClCompile>
    <ClCompile Include="D9Device.cpp">
      <Filter>Engine</Filter>
    </ClCompile>
    <ClCompile Include="DXMeshBuffer.cpp">
      <Filter>Engine</Filter>
    </ClCompile>
    <ClCompile Include="DXTextureBuffer.cpp">
      <Filter>Engine</Filter>
    </ClCompile>
    <ClCompile Include="Engine.cpp">
      <Filter>Engine</Filter>
    </ClCompile>
    <ClCompile Include="Eye.cpp">
      <Filter>Engine</Filter>
    </ClCompile>
    <ClCompile Include="EyeCliper.cpp">
      <Filter>Engine</Filter>
    </ClCompile>
    <ClCompile Include="FrameWork.cpp">
      <Filter>Engine</Filter>
    </ClCompile>
    <ClCompile Include="Game.cpp">
      <Filter>Engine</Filter>
    </ClCompile>
    <ClCompile Include="GameStaticObj.cpp">
      <Filter>Engine</Filter>
    </ClCompile>
    <ClCompile Include="Main.cpp">
      <Filter>Engine</Filter>
    </ClCompile>
    <ClCompile Include="Particles.cpp">
      <Filter>Engine</Filter>
    </ClCompile>
    <ClCompile Include="SceneManger.cpp">
      <Filter>Engine</Filter>
    </ClCompile>
    <ClCompile Include="Sea.cpp">
      <Filter>Engine</Filter>
    </ClCompile>
    <ClCompile Include="UIManger.cpp">
      <Filter>Engine</Filter>
    </ClCompile>
    <ClCompile Include="UIObj.cpp">
      <Filter>Engine</Filter>
    </ClCompile>
    <ClCompile Include="XArea.cpp">
      <Filter>Engine</Filter>
    </ClCompile>
    <ClCompile Include="XCursor.cpp">
      <Filter>Engine</Filter>
    </ClCompile>
    <ClCompile Include="XEffect.cpp">
      <Filter>Engine</Filter>
    </ClCompile>
    <ClCompile Include="XEvent.cpp">
      <Filter>Engine</Filter>
    </ClCompile>
    <ClCompile Include="XMap.cpp">
      <Filter>Engine</Filter>
    </ClCompile>
    <ClCompile Include="XMeshBaseObj.cpp">
      <Filter>Engine</Filter>
    </ClCompile>
    <ClCompile Include="XMeshObj.cpp">
      <Filter>Engine</Filter>
    </ClCompile>
    <ClCompile Include="XMultiThread.cpp">
      <Filter>Engine</Filter>
    </ClCompile>
    <ClCompile Include="XObj.cpp">
      <Filter>Engine</Filter>
    </ClCompile>
    <ClCompile Include="XPosition.cpp">
      <Filter>Engine</Filter>
    </ClCompile>
    <ClCompile Include="XText.cpp">
      <Filter>Engine</Filter>
    </ClCompile>
    <ClCompile Include="XTime.cpp">
      <Filter>Engine</Filter>
    </ClCompile>
    <ClCompile Include="XTerrain.cpp" />
    <ClCompile Include="XTerrainNode.cpp" />
  </ItemGroup>
  <ItemGroup>
    <ClInclude Include="Ammo.h">
      <Filter>Engine</Filter>
    </ClInclude>
    <ClInclude Include="AnimMesh.h">
      <Filter>Engine</Filter>
    </ClInclude>
    <ClInclude Include="Bound.h">
      <Filter>Engine</Filter>
    </ClInclude>
    <ClInclude Include="Corrd.h">
      <Filter>Engine</Filter>
    </ClInclude>
    <ClInclude Include="D8Input.h">
      <Filter>Engine</Filter>
    </ClInclude>
    <ClInclude Include="D9Device.h">
      <Filter>Engine</Filter>
    </ClInclude>
    <ClInclude Include="DXMeshBuffer.h">
      <Filter>Engine</Filter>
    </ClInclude>
    <ClInclude Include="DXTextureBuffer.h">
      <Filter>Engine</Filter>
    </ClInclude>
    <ClInclude Include="Engine.h">
      <Filter>Engine</Filter>
    </ClInclude>
    <ClInclude Include="Eye.h">
      <Filter>Engine</Filter>
    </ClInclude>
    <ClInclude Include="EyeCliper.h">
      <Filter>Engine</Filter>
    </ClInclude>
    <ClInclude Include="FrameWork.h">
      <Filter>Engine</Filter>
    </ClInclude>
    <ClInclude Include="Game.h">
      <Filter>Engine</Filter>
    </ClInclude>
    <ClInclude Include="GameStaticObj.h">
      <Filter>Engine</Filter>
    </ClInclude>
    <ClInclude Include="Particles.h">
      <Filter>Engine</Filter>
    </ClInclude>
    <ClInclude Include="resource.h">
      <Filter>Engine</Filter>
    </ClInclude>
    <ClInclude Include="SceneManger.h">
      <Filter>Engine</Filter>
    </ClInclude>
    <ClInclude Include="Sea.h">
      <Filter>Engine</Filter>
    </ClInclude>
    <ClInclude Include="UIManger.h">
      <Filter>Engine</Filter>
    </ClInclude>
    <ClInclude Include="UIObj.h">
      <Filter>Engine</Filter>
    </ClInclude>
    <ClInclude Include="XArea.h">
      <Filter>Engine</Filter>
    </ClInclude>
    <ClInclude Include="XCursor.h">
      <Filter>Engine</Filter>
    </ClInclude>
    <ClInclude Include="XEffect.h">
      <Filter>Engine</Filter>
    </ClInclude>
    <ClInclude Include="XEvent.h">
      <Filter>Engine</Filter>
    </ClInclude>
    <ClInclude Include="XMap.h">
      <Filter>Engine</Filter>
    </ClInclude>
    <ClInclude Include="XMeshBaseObj.h">
      <Filter>Engine</Filter>
    </ClInclude>
    <ClInclude Include="XMeshObj.h">
      <Filter>Engine</Filter>
    </ClInclude>
    <ClInclude Include="XMultiThread.h">
      <Filter>Engine</Filter>
    </ClInclude>
    <ClInclude Include="XObj.h">
      <Filter>Engine</Filter>
    </ClInclude>
    <ClInclude Include="XPosition.h">
      <Filter>Engine</Filter>
    </ClInclude>
    <ClInclude Include="XText.h">
      <Filter>Engine</Filter>
    </ClInclude>
    <ClInclude Include="XTime.h">
      <Filter>Engine</Filter>
    </ClInclude>
    <ClInclude Include="XTerrain.h" />
    <ClInclude Include="XTerrainNode.h" />
  </ItemGroup>
  <ItemGroup>
    <Filter Include="Engine">
      <UniqueIdentifier>{d32b5346-b740-48b5-a239-ca5498d710db}</UniqueIdentifier>
    </Filter>
  </ItemGroup>
  <ItemGroup>
    <ResourceCompile Include="GameDemo.rc">
      <Filter>Engine</Filter>
    </ResourceCompile>
  </ItemGroup>
</Project>